// !$*UTF8*$!
{
	archiveVersion = 1;
	classes = {
	};
	objectVersion = 56;
	objects = {

/* Begin PBXBuildFile section */
		AA000001 /* mdvApp.swift in Sources */ = {isa = PBXBuildFile; fileRef = AB000001; };
		AA000002 /* ContentView.swift in Sources */ = {isa = PBXBuildFile; fileRef = AB000002; };
		AA000003 /* HistoryManager.swift in Sources */ = {isa = PBXBuildFile; fileRef = AB000003; };
		AA000004 /* MarkdownUI in Frameworks */ = {isa = PBXBuildFile; productRef = BA000002 /* MarkdownUI */; };
		AA000005 /* AppIcon.icns in Resources */ = {isa = PBXBuildFile; fileRef = AB000006; };
		AA000007 /* Database.swift in Sources */ = {isa = PBXBuildFile; fileRef = AB000007; };
		AA000008 /* BookmarksManager.swift in Sources */ = {isa = PBXBuildFile; fileRef = AB000008; };
		AA000009 /* ThemeManager.swift in Sources */ = {isa = PBXBuildFile; fileRef = AB000009; };
		AA000020 /* FontRegistration.swift in Sources */ = {isa = PBXBuildFile; fileRef = AB000020; };
		AA000021 /* Alegreya-Regular.otf in Resources */ = {isa = PBXBuildFile; fileRef = AB000021; };
		AA000022 /* Alegreya-Italic.otf in Resources */ = {isa = PBXBuildFile; fileRef = AB000022; };
		AA000023 /* Alegreya-Medium.otf in Resources */ = {isa = PBXBuildFile; fileRef = AB000023; };
		AA000024 /* Alegreya-Bold.otf in Resources */ = {isa = PBXBuildFile; fileRef = AB000024; };
		AA000025 /* Alegreya-BoldItalic.otf in Resources */ = {isa = PBXBuildFile; fileRef = AB000025; };
		AA000026 /* Alegreya-ExtraBold.otf in Resources */ = {isa = PBXBuildFile; fileRef = AB000026; };
		AA000030 /* CodeRenderer.swift in Sources */ = {isa = PBXBuildFile; fileRef = AB000030; };
		AA000031 /* SwiftTreeSitter in Frameworks */ = {isa = PBXBuildFile; productRef = BA000004 /* SwiftTreeSitter */; };
		AA000100 /* c/parser.c in Sources */ = {isa = PBXBuildFile; fileRef = AB000100; };
		AA000101 /* go/parser.c in Sources */ = {isa = PBXBuildFile; fileRef = AB000101; };
		AA000102 /* rust/parser.c in Sources */ = {isa = PBXBuildFile; fileRef = AB000102; };
		AA000103 /* bash/parser.c in Sources */ = {isa = PBXBuildFile; fileRef = AB000103; };
		AA000104 /* javascript/parser.c in Sources */ = {isa = PBXBuildFile; fileRef = AB000104; };
		AA000105 /* yaml/parser.c in Sources */ = {isa = PBXBuildFile; fileRef = AB000105; };
		AA000106 /* toml/parser.c in Sources */ = {isa = PBXBuildFile; fileRef = AB000106; };
		AA000107 /* python/parser.c in Sources */ = {isa = PBXBuildFile; fileRef = AB000107; };
		AA000108 /* ruby/parser.c in Sources */ = {isa = PBXBuildFile; fileRef = AB000108; };
		AA000110 /* rust/scanner.c in Sources */ = {isa = PBXBuildFile; fileRef = AB000110; };
		AA000111 /* bash/scanner.c in Sources */ = {isa = PBXBuildFile; fileRef = AB000111; };
		AA000112 /* javascript/scanner.c in Sources */ = {isa = PBXBuildFile; fileRef = AB000112; };
		AA000113 /* yaml/scanner.cc in Sources */ = {isa = PBXBuildFile; fileRef = AB000113; };
		AA000114 /* toml/scanner.c in Sources */ = {isa = PBXBuildFile; fileRef = AB000114; };
		AA000115 /* python/scanner.c in Sources */ = {isa = PBXBuildFile; fileRef = AB000115; };
		AA000116 /* ruby/scanner.c in Sources */ = {isa = PBXBuildFile; fileRef = AB000116; };
		AA000120 /* c-highlights.scm in Resources */ = {isa = PBXBuildFile; fileRef = AB000120; };
		AA000121 /* go-highlights.scm in Resources */ = {isa = PBXBuildFile; fileRef = AB000121; };
		AA000122 /* rust-highlights.scm in Resources */ = {isa = PBXBuildFile; fileRef = AB000122; };
		AA000123 /* bash-highlights.scm in Resources */ = {isa = PBXBuildFile; fileRef = AB000123; };
		AA000124 /* javascript-highlights.scm in Resources */ = {isa = PBXBuildFile; fileRef = AB000124; };
		AA000125 /* yaml-highlights.scm in Resources */ = {isa = PBXBuildFile; fileRef = AB000125; };
		AA000126 /* toml-highlights.scm in Resources */ = {isa = PBXBuildFile; fileRef = AB000126; };
		AA000127 /* python-highlights.scm in Resources */ = {isa = PBXBuildFile; fileRef = AB000127; };
		AA000128 /* ruby-highlights.scm in Resources */ = {isa = PBXBuildFile; fileRef = AB000128; };
/* End PBXBuildFile section */

/* Begin PBXFileReference section */
		AB000001 /* mdvApp.swift */ = {isa = PBXFileReference; lastKnownFileType = sourcecode.swift; path = mdvApp.swift; sourceTree = "<group>"; };
		AB000002 /* ContentView.swift */ = {isa = PBXFileReference; lastKnownFileType = sourcecode.swift; path = ContentView.swift; sourceTree = "<group>"; };
		AB000003 /* HistoryManager.swift */ = {isa = PBXFileReference; lastKnownFileType = sourcecode.swift; path = HistoryManager.swift; sourceTree = "<group>"; };
		AB000004 /* Info.plist */ = {isa = PBXFileReference; lastKnownFileType = text.plist.xml; path = Info.plist; sourceTree = "<group>"; };
		AB000005 /* mdv.entitlements */ = {isa = PBXFileReference; lastKnownFileType = text.plist.entitlements; path = mdv.entitlements; sourceTree = "<group>"; };
		AB000006 /* AppIcon.icns */ = {isa = PBXFileReference; lastKnownFileType = image.icns; path = AppIcon.icns; sourceTree = "<group>"; };
		AB000007 /* Database.swift */ = {isa = PBXFileReference; lastKnownFileType = sourcecode.swift; path = Database.swift; sourceTree = "<group>"; };
		AB000008 /* BookmarksManager.swift */ = {isa = PBXFileReference; lastKnownFileType = sourcecode.swift; path = BookmarksManager.swift; sourceTree = "<group>"; };
		AB000009 /* ThemeManager.swift */ = {isa = PBXFileReference; lastKnownFileType = sourcecode.swift; path = ThemeManager.swift; sourceTree = "<group>"; };
		AB000020 /* FontRegistration.swift */ = {isa = PBXFileReference; lastKnownFileType = sourcecode.swift; path = FontRegistration.swift; sourceTree = "<group>"; };
		AB000021 /* Alegreya-Regular.otf */ = {isa = PBXFileReference; lastKnownFileType = file; path = "Fonts/Alegreya-Regular.otf"; sourceTree = "<group>"; };
		AB000022 /* Alegreya-Italic.otf */ = {isa = PBXFileReference; lastKnownFileType = file; path = "Fonts/Alegreya-Italic.otf"; sourceTree = "<group>"; };
		AB000023 /* Alegreya-Medium.otf */ = {isa = PBXFileReference; lastKnownFileType = file; path = "Fonts/Alegreya-Medium.otf"; sourceTree = "<group>"; };
		AB000024 /* Alegreya-Bold.otf */ = {isa = PBXFileReference; lastKnownFileType = file; path = "Fonts/Alegreya-Bold.otf"; sourceTree = "<group>"; };
		AB000025 /* Alegreya-BoldItalic.otf */ = {isa = PBXFileReference; lastKnownFileType = file; path = "Fonts/Alegreya-BoldItalic.otf"; sourceTree = "<group>"; };
		AB000026 /* Alegreya-ExtraBold.otf */ = {isa = PBXFileReference; lastKnownFileType = file; path = "Fonts/Alegreya-ExtraBold.otf"; sourceTree = "<group>"; };
		AB000010 /* mdv.app */ = {isa = PBXFileReference; explicitFileType = wrapper.application; includeInIndex = 0; path = mdv.app; sourceTree = BUILT_PRODUCTS_DIR; };
		AB000030 /* CodeRenderer.swift */ = {isa = PBXFileReference; lastKnownFileType = sourcecode.swift; path = CodeRenderer.swift; sourceTree = "<group>"; };
		AB000040 /* Grammars-Bridging.h */ = {isa = PBXFileReference; lastKnownFileType = sourcecode.c.h; path = "Grammars/Grammars-Bridging.h"; sourceTree = "<group>"; };
		AB000100 /* c/parser.c */ = {isa = PBXFileReference; lastKnownFileType = sourcecode.c.c; name = parser.c; path = "Grammars/c/parser.c"; sourceTree = "<group>"; };
		AB000101 /* go/parser.c */ = {isa = PBXFileReference; lastKnownFileType = sourcecode.c.c; name = parser.c; path = "Grammars/go/parser.c"; sourceTree = "<group>"; };
		AB000102 /* rust/parser.c */ = {isa = PBXFileReference; lastKnownFileType = sourcecode.c.c; name = parser.c; path = "Grammars/rust/parser.c"; sourceTree = "<group>"; };
		AB000103 /* bash/parser.c */ = {isa = PBXFileReference; lastKnownFileType = sourcecode.c.c; name = parser.c; path = "Grammars/bash/parser.c"; sourceTree = "<group>"; };
		AB000104 /* javascript/parser.c */ = {isa = PBXFileReference; lastKnownFileType = sourcecode.c.c; name = parser.c; path = "Grammars/javascript/parser.c"; sourceTree = "<group>"; };
		AB000105 /* yaml/parser.c */ = {isa = PBXFileReference; lastKnownFileType = sourcecode.c.c; name = parser.c; path = "Grammars/yaml/parser.c"; sourceTree = "<group>"; };
		AB000106 /* toml/parser.c */ = {isa = PBXFileReference; lastKnownFileType = sourcecode.c.c; name = parser.c; path = "Grammars/toml/parser.c"; sourceTree = "<group>"; };
		AB000107 /* python/parser.c */ = {isa = PBXFileReference; lastKnownFileType = sourcecode.c.c; name = parser.c; path = "Grammars/python/parser.c"; sourceTree = "<group>"; };
		AB000108 /* ruby/parser.c */ = {isa = PBXFileReference; lastKnownFileType = sourcecode.c.c; name = parser.c; path = "Grammars/ruby/parser.c"; sourceTree = "<group>"; };
		AB000110 /* rust/scanner.c */ = {isa = PBXFileReference; lastKnownFileType = sourcecode.c.c; name = scanner.c; path = "Grammars/rust/scanner.c"; sourceTree = "<group>"; };
		AB000111 /* bash/scanner.c */ = {isa = PBXFileReference; lastKnownFileType = sourcecode.c.c; name = scanner.c; path = "Grammars/bash/scanner.c"; sourceTree = "<group>"; };
		AB000112 /* javascript/scanner.c */ = {isa = PBXFileReference; lastKnownFileType = sourcecode.c.c; name = scanner.c; path = "Grammars/javascript/scanner.c"; sourceTree = "<group>"; };
		AB000113 /* yaml/scanner.cc */ = {isa = PBXFileReference; lastKnownFileType = sourcecode.cpp.cpp; name = scanner.cc; path = "Grammars/yaml/scanner.cc"; sourceTree = "<group>"; };
		AB000114 /* toml/scanner.c */ = {isa = PBXFileReference; lastKnownFileType = sourcecode.c.c; name = scanner.c; path = "Grammars/toml/scanner.c"; sourceTree = "<group>"; };
		AB000115 /* python/scanner.c */ = {isa = PBXFileReference; lastKnownFileType = sourcecode.c.c; name = scanner.c; path = "Grammars/python/scanner.c"; sourceTree = "<group>"; };
		AB000116 /* ruby/scanner.c */ = {isa = PBXFileReference; lastKnownFileType = sourcecode.c.c; name = scanner.c; path = "Grammars/ruby/scanner.c"; sourceTree = "<group>"; };
		AB000120 /* c-highlights.scm */ = {isa = PBXFileReference; lastKnownFileType = text; path = "Grammars/c-highlights.scm"; sourceTree = "<group>"; };
		AB000121 /* go-highlights.scm */ = {isa = PBXFileReference; lastKnownFileType = text; path = "Grammars/go-highlights.scm"; sourceTree = "<group>"; };
		AB000122 /* rust-highlights.scm */ = {isa = PBXFileReference; lastKnownFileType = text; path = "Grammars/rust-highlights.scm"; sourceTree = "<group>"; };
		AB000123 /* bash-highlights.scm */ = {isa = PBXFileReference; lastKnownFileType = text; path = "Grammars/bash-highlights.scm"; sourceTree = "<group>"; };
		AB000124 /* javascript-highlights.scm */ = {isa = PBXFileReference; lastKnownFileType = text; path = "Grammars/javascript-highlights.scm"; sourceTree = "<group>"; };
		AB000125 /* yaml-highlights.scm */ = {isa = PBXFileReference; lastKnownFileType = text; path = "Grammars/yaml-highlights.scm"; sourceTree = "<group>"; };
		AB000126 /* toml-highlights.scm */ = {isa = PBXFileReference; lastKnownFileType = text; path = "Grammars/toml-highlights.scm"; sourceTree = "<group>"; };
		AB000127 /* python-highlights.scm */ = {isa = PBXFileReference; lastKnownFileType = text; path = "Grammars/python-highlights.scm"; sourceTree = "<group>"; };
		AB000128 /* ruby-highlights.scm */ = {isa = PBXFileReference; lastKnownFileType = text; path = "Grammars/ruby-highlights.scm"; sourceTree = "<group>"; };
/* End PBXFileReference section */

/* Begin PBXFrameworksBuildPhase section */
		AC000001 /* Frameworks */ = {
			isa = PBXFrameworksBuildPhase;
			buildActionMask = 2147483647;
			files = (
				AA000004 /* MarkdownUI in Frameworks */,
				AA000031 /* SwiftTreeSitter in Frameworks */,
			);
			runOnlyForDeploymentPostprocessing = 0;
		};
/* End PBXFrameworksBuildPhase section */

/* Begin PBXResourcesBuildPhase section */
		AC000002 /* Resources */ = {
			isa = PBXResourcesBuildPhase;
			buildActionMask = 2147483647;
			files = (
				AA000005 /* AppIcon.icns in Resources */,
				AA000021 /* Alegreya-Regular.otf in Resources */,
				AA000022 /* Alegreya-Italic.otf in Resources */,
				AA000023 /* Alegreya-Medium.otf in Resources */,
				AA000024 /* Alegreya-Bold.otf in Resources */,
				AA000025 /* Alegreya-BoldItalic.otf in Resources */,
				AA000026 /* Alegreya-ExtraBold.otf in Resources */,
				AA000120 /* c-highlights.scm in Resources */,
				AA000121 /* go-highlights.scm in Resources */,
				AA000122 /* rust-highlights.scm in Resources */,
				AA000123 /* bash-highlights.scm in Resources */,
				AA000124 /* javascript-highlights.scm in Resources */,
				AA000125 /* yaml-highlights.scm in Resources */,
				AA000126 /* toml-highlights.scm in Resources */,
				AA000127 /* python-highlights.scm in Resources */,
				AA000128 /* ruby-highlights.scm in Resources */,
			);
			runOnlyForDeploymentPostprocessing = 0;
		};
/* End PBXResourcesBuildPhase section */

/* Begin PBXGroup section */
		AD000001 = {
			isa = PBXGroup;
			children = (
				AD000002 /* mdv */,
				AD000003 /* Products */,
			);
			sourceTree = "<group>";
		};
		AD000002 /* mdv */ = {
			isa = PBXGroup;
			children = (
				AB000001 /* mdvApp.swift */,
				AB000002 /* ContentView.swift */,
				AB000003 /* HistoryManager.swift */,
				AB000007 /* Database.swift */,
				AB000008 /* BookmarksManager.swift */,
				AB000009 /* ThemeManager.swift */,
				AB000020 /* FontRegistration.swift */,
				AB000030 /* CodeRenderer.swift */,
				AD000010 /* Grammars */,
				AB000021 /* Alegreya-Regular.otf */,
				AB000022 /* Alegreya-Italic.otf */,
				AB000023 /* Alegreya-Medium.otf */,
				AB000024 /* Alegreya-Bold.otf */,
				AB000025 /* Alegreya-BoldItalic.otf */,
				AB000026 /* Alegreya-ExtraBold.otf */,
				AB000004 /* Info.plist */,
				AB000005 /* mdv.entitlements */,
				AB000006 /* AppIcon.icns */,
			);
			path = mdv;
			sourceTree = "<group>";
		};
		AD000010 /* Grammars */ = {
			isa = PBXGroup;
			children = (
				AB000040 /* Grammars-Bridging.h */,
				AB000100 /* c/parser.c */,
				AB000101 /* go/parser.c */,
				AB000102 /* rust/parser.c */,
				AB000103 /* bash/parser.c */,
				AB000104 /* javascript/parser.c */,
				AB000105 /* yaml/parser.c */,
				AB000106 /* toml/parser.c */,
				AB000107 /* python/parser.c */,
				AB000108 /* ruby/parser.c */,
				AB000110 /* rust/scanner.c */,
				AB000111 /* bash/scanner.c */,
				AB000112 /* javascript/scanner.c */,
				AB000113 /* yaml/scanner.cc */,
				AB000114 /* toml/scanner.c */,
				AB000115 /* python/scanner.c */,
				AB000116 /* ruby/scanner.c */,
				AB000120 /* c-highlights.scm */,
				AB000121 /* go-highlights.scm */,
				AB000122 /* rust-highlights.scm */,
				AB000123 /* bash-highlights.scm */,
				AB000124 /* javascript-highlights.scm */,
				AB000125 /* yaml-highlights.scm */,
				AB000126 /* toml-highlights.scm */,
				AB000127 /* python-highlights.scm */,
				AB000128 /* ruby-highlights.scm */,
			);
			name = Grammars;
			sourceTree = "<group>";
		};
		AD000003 /* Products */ = {
			isa = PBXGroup;
			children = (
				AB000010 /* mdv.app */,
			);
			name = Products;
			sourceTree = "<group>";
		};
/* End PBXGroup section */

/* Begin PBXNativeTarget section */
		AE000001 /* mdv */ = {
			isa = PBXNativeTarget;
			buildConfigurationList = AF000003 /* Build configuration list for PBXNativeTarget "mdv" */;
			buildPhases = (
				AH000001 /* Sources */,
				AC000001 /* Frameworks */,
				AC000002 /* Resources */,
			);
			buildRules = (
			);
			dependencies = (
			);
			name = mdv;
			packageProductDependencies = (
				BA000002 /* MarkdownUI */,
				BA000004 /* SwiftTreeSitter */,
			);
			productName = mdv;
			productReference = AB000010 /* mdv.app */;
			productType = "com.apple.product-type.application";
		};
/* End PBXNativeTarget section */

/* Begin PBXProject section */
		AG000001 /* Project object */ = {
			isa = PBXProject;
			attributes = {
				BuildIndependentTargetsInParallel = 1;
				LastSwiftUpdateCheck = 1500;
				LastUpgradeCheck = 1500;
			};
			buildConfigurationList = AF000001 /* Build configuration list for PBXProject "mdv" */;
			compatibilityVersion = "Xcode 14.0";
			developmentRegion = en;
			hasScannedForEncodings = 0;
			knownRegions = (
				en,
				Base,
			);
			mainGroup = AD000001;
			packageReferences = (
				BA000001 /* XCRemoteSwiftPackageReference "swift-markdown-ui" */,
				BA000003 /* XCRemoteSwiftPackageReference "SwiftTreeSitter" */,
			);
			productRefGroup = AD000003 /* Products */;
			projectDirPath = "";
			projectRoot = "";
			targets = (
				AE000001 /* mdv */,
			);
		};
/* End PBXProject section */

/* Begin PBXSourcesBuildPhase section */
		AH000001 /* Sources */ = {
			isa = PBXSourcesBuildPhase;
			buildActionMask = 2147483647;
			files = (
				AA000001 /* mdvApp.swift in Sources */,
				AA000002 /* ContentView.swift in Sources */,
				AA000003 /* HistoryManager.swift in Sources */,
				AA000007 /* Database.swift in Sources */,
				AA000008 /* BookmarksManager.swift in Sources */,
				AA000009 /* ThemeManager.swift in Sources */,
				AA000020 /* FontRegistration.swift in Sources */,
				AA000030 /* CodeRenderer.swift in Sources */,
				AA000100 /* c/parser.c in Sources */,
				AA000101 /* go/parser.c in Sources */,
				AA000102 /* rust/parser.c in Sources */,
				AA000103 /* bash/parser.c in Sources */,
				AA000104 /* javascript/parser.c in Sources */,
				AA000105 /* yaml/parser.c in Sources */,
				AA000106 /* toml/parser.c in Sources */,
				AA000107 /* python/parser.c in Sources */,
				AA000108 /* ruby/parser.c in Sources */,
				AA000110 /* rust/scanner.c in Sources */,
				AA000111 /* bash/scanner.c in Sources */,
				AA000112 /* javascript/scanner.c in Sources */,
				AA000113 /* yaml/scanner.cc in Sources */,
				AA000114 /* toml/scanner.c in Sources */,
				AA000115 /* python/scanner.c in Sources */,
				AA000116 /* ruby/scanner.c in Sources */,
			);
			runOnlyForDeploymentPostprocessing = 0;
		};
/* End PBXSourcesBuildPhase section */

/* Begin XCBuildConfiguration section */
		AF000011 /* Debug */ = {
			isa = XCBuildConfiguration;
			buildSettings = {
				ALWAYS_SEARCH_USER_PATHS = NO;
				CLANG_ENABLE_MODULES = YES;
				CLANG_ENABLE_OBJC_ARC = YES;
				COPY_PHASE_STRIP = NO;
				DEBUG_INFORMATION_FORMAT = dwarf;
				ENABLE_STRICT_OBJC_MSGSEND = YES;
				ENABLE_TESTABILITY = YES;
				GCC_DYNAMIC_NO_PIC = NO;
				GCC_OPTIMIZATION_LEVEL = 0;
				GCC_PREPROCESSOR_DEFINITIONS = (
					"DEBUG=1",
					"$(inherited)",
				);
				MACOSX_DEPLOYMENT_TARGET = 13.0;
				MTL_ENABLE_DEBUG_INFO = INCLUDE_SOURCE;
				ONLY_ACTIVE_ARCH = YES;
				SDKROOT = macosx;
				SWIFT_ACTIVE_COMPILATION_CONDITIONS = DEBUG;
				SWIFT_OPTIMIZATION_LEVEL = "-Onone";
			};
			name = Debug;
		};
		AF000012 /* Release */ = {
			isa = XCBuildConfiguration;
			buildSettings = {
				ALWAYS_SEARCH_USER_PATHS = NO;
				CLANG_ENABLE_MODULES = YES;
				CLANG_ENABLE_OBJC_ARC = YES;
				COPY_PHASE_STRIP = NO;
				DEBUG_INFORMATION_FORMAT = "dwarf-with-dsym";
				ENABLE_NS_ASSERTIONS = NO;
				ENABLE_STRICT_OBJC_MSGSEND = YES;
				MACOSX_DEPLOYMENT_TARGET = 13.0;
				MTL_ENABLE_DEBUG_INFO = NO;
				SDKROOT = macosx;
				SWIFT_COMPILATION_MODE = wholemodule;
				SWIFT_OPTIMIZATION_LEVEL = "-O";
			};
			name = Release;
		};
		AF000021 /* Debug */ = {
			isa = XCBuildConfiguration;
			buildSettings = {
				ASSETCATALOG_COMPILER_APPICON_NAME = AppIcon;
				CLANG_CXX_LANGUAGE_STANDARD = "gnu++17";
				CLANG_CXX_LIBRARY = "libc++";
				CODE_SIGN_ENTITLEMENTS = mdv/mdv.entitlements;
				CODE_SIGN_STYLE = Automatic;
				COMBINE_HIDPI_IMAGES = YES;
				CURRENT_PROJECT_VERSION = 1;
				GCC_C_LANGUAGE_STANDARD = gnu11;
				GENERATE_INFOPLIST_FILE = NO;
				GCC_WARN_64_TO_32_BIT_CONVERSION = NO;
				INFOPLIST_FILE = mdv/Info.plist;
				LD_RUNPATH_SEARCH_PATHS = (
					"$(inherited)",
					"@executable_path/../Frameworks",
				);
				MARKETING_VERSION = 1.0;
				PRODUCT_BUNDLE_IDENTIFIER = com.mdv.app;
				PRODUCT_NAME = "$(TARGET_NAME)";
				SWIFT_EMIT_LOC_STRINGS = YES;
				SWIFT_OBJC_BRIDGING_HEADER = "mdv/Grammars/Grammars-Bridging.h";
				SWIFT_VERSION = 5.0;
			};
			name = Debug;
		};
		AF000022 /* Release */ = {
			isa = XCBuildConfiguration;
			buildSettings = {
				ASSETCATALOG_COMPILER_APPICON_NAME = AppIcon;
				CLANG_CXX_LANGUAGE_STANDARD = "gnu++17";
				CLANG_CXX_LIBRARY = "libc++";
				CODE_SIGN_ENTITLEMENTS = mdv/mdv.entitlements;
				CODE_SIGN_STYLE = Automatic;
				COMBINE_HIDPI_IMAGES = YES;
				CURRENT_PROJECT_VERSION = 1;
				GCC_C_LANGUAGE_STANDARD = gnu11;
				GENERATE_INFOPLIST_FILE = NO;
				GCC_WARN_64_TO_32_BIT_CONVERSION = NO;
				INFOPLIST_FILE = mdv/Info.plist;
				LD_RUNPATH_SEARCH_PATHS = (
					"$(inherited)",
					"@executable_path/../Frameworks",
				);
				MARKETING_VERSION = 1.0;
				PRODUCT_BUNDLE_IDENTIFIER = com.mdv.app;
				PRODUCT_NAME = "$(TARGET_NAME)";
				SWIFT_EMIT_LOC_STRINGS = YES;
				SWIFT_OBJC_BRIDGING_HEADER = "mdv/Grammars/Grammars-Bridging.h";
				SWIFT_VERSION = 5.0;
			};
			name = Release;
		};
/* End XCBuildConfiguration section */

/* Begin XCConfigurationList section */
		AF000001 /* Build configuration list for PBXProject "mdv" */ = {
			isa = XCConfigurationList;
			buildConfigurations = (
				AF000011 /* Debug */,
				AF000012 /* Release */,
			);
			defaultConfigurationIsVisible = 0;
			defaultConfigurationName = Release;
		};
		AF000003 /* Build configuration list for PBXNativeTarget "mdv" */ = {
			isa = XCConfigurationList;
			buildConfigurations = (
				AF000021 /* Debug */,
				AF000022 /* Release */,
			);
			defaultConfigurationIsVisible = 0;
			defaultConfigurationName = Release;
		};
/* End XCConfigurationList section */

/* Begin XCRemoteSwiftPackageReference section */
		BA000001 /* XCRemoteSwiftPackageReference "swift-markdown-ui" */ = {
			isa = XCRemoteSwiftPackageReference;
			repositoryURL = "https://github.com/gonzalezreal/swift-markdown-ui";
			requirement = {
				kind = upToNextMajorVersion;
				minimumVersion = 2.0.2;
			};
		};
		BA000003 /* XCRemoteSwiftPackageReference "SwiftTreeSitter" */ = {
			isa = XCRemoteSwiftPackageReference;
			repositoryURL = "https://github.com/ChimeHQ/SwiftTreeSitter";
			requirement = {
				kind = upToNextMajorVersion;
				minimumVersion = 0.8.0;
			};
		};
/* End XCRemoteSwiftPackageReference section */

/* Begin XCSwiftPackageProductDependency section */
		BA000002 /* MarkdownUI */ = {
			isa = XCSwiftPackageProductDependency;
			package = BA000001 /* XCRemoteSwiftPackageReference "swift-markdown-ui" */;
			productName = MarkdownUI;
		};
		BA000004 /* SwiftTreeSitter */ = {
			isa = XCSwiftPackageProductDependency;
			package = BA000003 /* XCRemoteSwiftPackageReference "SwiftTreeSitter" */;
			productName = SwiftTreeSitter;
		};
/* End XCSwiftPackageProductDependency section */

	};
	rootObject = AG000001 /* Project object */;
}
